github.com/wowchemy/wowchemy-hugo-modules/wowchemy-cms/v5 v5.0.0-20220414125706-3f178a06f495 h1:6xy0bjFd9wYSiq/6anIDJy4EQMDhqgBVcMgCbnqpSvA=
github.com/wowchemy/wowchemy-hugo-modules/wowchemy-cms/v5 v5.0.0-20220414125706-3f178a06f495/go.mod h1:Sp/AKo+2HAPi/IPHp1MEdKPmee+mzO5+efUBUPLPqPE=
github.com/wowchemy/wowchemy-hugo-modules/wowchemy/v5 v5.0.0-20220414125706-3f178a06f495 h1:PIpQDKUWHPndMHGxmBMN3eozd7/jmNxbUkJ5lNr9NLU=
github.com/wowchemy/wowchemy-hugo-modules/wowchemy/v5 v5.0.0-20220414125706-3f178a06f495/go.mod h1:2iL9rdrUYyJXX2BeHKfK+QbqZlubCsaR60nQ87NRQTY=
